
Microsoft Visual Studio Solution File, Format Version 12.00
# Visual Studio 2013
VisualStudioVersion = 12.0.40629.0
MinimumVisualStudioVersion = 10.0.40219.1
Project("{FAE04EC0-301F-11D3-BF4B-00C04F79EFBC}") = "SGJ.Utilities", "SGJ.Utilities\SGJ.Utilities.csproj", "{DF294203-CB1B-4D37-8BAB-0C7F70F18580}"
EndProject
Project("{FAE04EC0-301F-11D3-BF4B-00C04F79EFBC}") = "Test", "Test\Test.csproj", "{5CD41D9B-0A90-4BE9-8E22-95383E6374B9}"
EndProject
Global
	GlobalSection(SolutionConfigurationPlatforms) = preSolution
		Debug|Any CPU = Debug|Any CPU
		Release|Any CPU = Release|Any CPU
	EndGlobalSection
	GlobalSection(ProjectConfigurationPlatforms) = postSolution
		{DF294203-CB1B-4D37-8BAB-0C7F70F18580}.Debug|Any CPU.ActiveCfg = Debug|Any CPU
		{DF294203-CB1B-4D37-8BAB-0C7F70F18580}.Debug|Any CPU.Build.0 = Debug|Any CPU
		{DF294203-CB1B-4D37-8BAB-0C7F70F18580}.Release|Any CPU.ActiveCfg = Release|Any CPU
		{DF294203-CB1B-4D37-8BAB-0C7F70F18580}.Release|Any CPU.Build.0 = Release|Any CPU
		{5CD41D9B-0A90-4BE9-8E22-95383E6374B9}.Debug|Any CPU.ActiveCfg = Debug|Any CPU
		{5CD41D9B-0A90-4BE9-8E22-95383E6374B9}.Debug|Any CPU.Build.0 = Debug|Any CPU
		{5CD41D9B-0A90-4BE9-8E22-95383E6374B9}.Release|Any CPU.ActiveCfg = Release|Any CPU
		{5CD41D9B-0A90-4BE9-8E22-95383E6374B9}.Release|Any CPU.Build.0 = Release|Any CPU
	EndGlobalSection
	GlobalSection(SolutionProperties) = preSolution
		HideSolutionNode = FALSE
	EndGlobalSection
EndGlobal
