
Microsoft Visual Studio Solution File, Format Version 12.00
# Visual Studio 15
VisualStudioVersion = 15.0.27004.2009
MinimumVisualStudioVersion = 10.0.40219.1
Project("{FAE04EC0-301F-11D3-BF4B-00C04F79EFBC}") = "GetLeaveDays", "GetLeaveDays\GetLeaveDays.csproj", "{DA341769-0A00-4B90-8C26-DC14F97B3701}"
EndProject
Global
	GlobalSection(SolutionConfigurationPlatforms) = preSolution
		Debug|Any CPU = Debug|Any CPU
		Release|Any CPU = Release|Any CPU
	EndGlobalSection
	GlobalSection(ProjectConfigurationPlatforms) = postSolution
		{DA341769-0A00-4B90-8C26-DC14F97B3701}.Debug|Any CPU.ActiveCfg = Debug|Any CPU
		{DA341769-0A00-4B90-8C26-DC14F97B3701}.Debug|Any CPU.Build.0 = Debug|Any CPU
		{DA341769-0A00-4B90-8C26-DC14F97B3701}.Release|Any CPU.ActiveCfg = Release|Any CPU
		{DA341769-0A00-4B90-8C26-DC14F97B3701}.Release|Any CPU.Build.0 = Release|Any CPU
	EndGlobalSection
	GlobalSection(SolutionProperties) = preSolution
		HideSolutionNode = FALSE
	EndGlobalSection
	GlobalSection(ExtensibilityGlobals) = postSolution
		SolutionGuid = {3C0EAAFC-F4B2-4BDC-AB3E-4A1B8475DD5D}
	EndGlobalSection
EndGlobal
